
Microsoft Visual Studio Solution File, Format Version 12.00
# Visual Studio 15
VisualStudioVersion = 15.0.27428.2043
MinimumVisualStudioVersion = 10.0.40219.1
Project("{FAE04EC0-301F-11D3-BF4B-00C04F79EFBC}") = "Exercises", "0_HTML_Examples\Exercises.csproj", "{BD3287FF-B293-4791-8A96-53C72BFB7BC9}"
EndProject
Global
	GlobalSection(SolutionConfigurationPlatforms) = preSolution
		Debug|Any CPU = Debug|Any CPU
		Release|Any CPU = Release|Any CPU
	EndGlobalSection
	GlobalSection(ProjectConfigurationPlatforms) = postSolution
		{BD3287FF-B293-4791-8A96-53C72BFB7BC9}.Debug|Any CPU.ActiveCfg = Debug|Any CPU
		{BD3287FF-B293-4791-8A96-53C72BFB7BC9}.Debug|Any CPU.Build.0 = Debug|Any CPU
		{BD3287FF-B293-4791-8A96-53C72BFB7BC9}.Release|Any CPU.ActiveCfg = Release|Any CPU
		{BD3287FF-B293-4791-8A96-53C72BFB7BC9}.Release|Any CPU.Build.0 = Release|Any CPU
	EndGlobalSection
	GlobalSection(SolutionProperties) = preSolution
		HideSolutionNode = FALSE
	EndGlobalSection
	GlobalSection(ExtensibilityGlobals) = postSolution
		SolutionGuid = {B285F6BB-510E-4334-ADC2-E5A1A1D7AE99}
	EndGlobalSection
EndGlobal
