
Microsoft Visual Studio Solution File, Format Version 12.00
# Visual Studio 15
VisualStudioVersion = 15.0.27428.2043
MinimumVisualStudioVersion = 10.0.40219.1
Project("{9A19103F-16F7-4668-BE54-9A1E7A4F7556}") = "1_URL Decode", "1_URL Decode\1_URL Decode.csproj", "{E5ADC773-DB13-4BD9-98A7-3ECB3778FF6A}"
EndProject
Project("{9A19103F-16F7-4668-BE54-9A1E7A4F7556}") = "2_Validate_URL", "2_Validate_URL\2_Validate_URL.csproj", "{C8F5E80F-1371-4FC8-90CB-AA3DAD62CC47}"
EndProject
Project("{FAE04EC0-301F-11D3-BF4B-00C04F79EFBC}") = "3_Request_Parser", "3_Request_Parser\3_Request_Parser.csproj", "{50C4C876-F60C-402D-9349-68317F11126C}"
EndProject
Global
	GlobalSection(SolutionConfigurationPlatforms) = preSolution
		Debug|Any CPU = Debug|Any CPU
		Release|Any CPU = Release|Any CPU
	EndGlobalSection
	GlobalSection(ProjectConfigurationPlatforms) = postSolution
		{E5ADC773-DB13-4BD9-98A7-3ECB3778FF6A}.Debug|Any CPU.ActiveCfg = Debug|Any CPU
		{E5ADC773-DB13-4BD9-98A7-3ECB3778FF6A}.Debug|Any CPU.Build.0 = Debug|Any CPU
		{E5ADC773-DB13-4BD9-98A7-3ECB3778FF6A}.Release|Any CPU.ActiveCfg = Release|Any CPU
		{E5ADC773-DB13-4BD9-98A7-3ECB3778FF6A}.Release|Any CPU.Build.0 = Release|Any CPU
		{C8F5E80F-1371-4FC8-90CB-AA3DAD62CC47}.Debug|Any CPU.ActiveCfg = Debug|Any CPU
		{C8F5E80F-1371-4FC8-90CB-AA3DAD62CC47}.Debug|Any CPU.Build.0 = Debug|Any CPU
		{C8F5E80F-1371-4FC8-90CB-AA3DAD62CC47}.Release|Any CPU.ActiveCfg = Release|Any CPU
		{C8F5E80F-1371-4FC8-90CB-AA3DAD62CC47}.Release|Any CPU.Build.0 = Release|Any CPU
		{50C4C876-F60C-402D-9349-68317F11126C}.Debug|Any CPU.ActiveCfg = Debug|Any CPU
		{50C4C876-F60C-402D-9349-68317F11126C}.Debug|Any CPU.Build.0 = Debug|Any CPU
		{50C4C876-F60C-402D-9349-68317F11126C}.Release|Any CPU.ActiveCfg = Release|Any CPU
		{50C4C876-F60C-402D-9349-68317F11126C}.Release|Any CPU.Build.0 = Release|Any CPU
	EndGlobalSection
	GlobalSection(SolutionProperties) = preSolution
		HideSolutionNode = FALSE
	EndGlobalSection
	GlobalSection(ExtensibilityGlobals) = postSolution
		SolutionGuid = {AFF4F96D-69C4-4A6B-94BC-08A968B0F2C3}
	EndGlobalSection
EndGlobal
